
Microsoft Visual Studio Solution File, Format Version 11.00
# Visual Studio 2010
Project("{FAE04EC0-301F-11D3-BF4B-00C04F79EFBC}") = "First", "First\First.csproj", "{D7666E17-05D0-41D9-9440-8FF4BDD0D285}"
EndProject
Project("{FAE04EC0-301F-11D3-BF4B-00C04F79EFBC}") = "First.Tests", "First.Tests\First.Tests.csproj", "{63498A21-2365-402F-8735-7CA7EC21ECA5}"
EndProject
Project("{2150E333-8FDC-42A3-9474-1A3956D46DE8}") = "Solution Items", "Solution Items", "{D11D31E4-DB0F-48F9-82B3-1C7653484C6A}"
	ProjectSection(SolutionItems) = preProject
		all.proj = all.proj
		First.vsmdi = First.vsmdi
		Local.testsettings = Local.testsettings
		TraceAndTestImpact.testsettings = TraceAndTestImpact.testsettings
	EndProjectSection
EndProject
Project("{FAE04EC0-301F-11D3-BF4B-00C04F79EFBC}") = "Second", "Second\Second.csproj", "{A5E8E6E4-CF53-4FBF-B1D2-A1B2ABAA2B7D}"
EndProject
Project("{FAE04EC0-301F-11D3-BF4B-00C04F79EFBC}") = "Second.Tests", "Second.Tests\Second.Tests.csproj", "{9AD7BCA3-F3F9-4553-AC28-143EA160BEA3}"
EndProject
Global
	GlobalSection(TestCaseManagementSettings) = postSolution
		CategoryFile = First.vsmdi
	EndGlobalSection
	GlobalSection(SolutionConfigurationPlatforms) = preSolution
		Debug|Any CPU = Debug|Any CPU
		Release|Any CPU = Release|Any CPU
	EndGlobalSection
	GlobalSection(ProjectConfigurationPlatforms) = postSolution
		{D7666E17-05D0-41D9-9440-8FF4BDD0D285}.Debug|Any CPU.ActiveCfg = Debug|Any CPU
		{D7666E17-05D0-41D9-9440-8FF4BDD0D285}.Debug|Any CPU.Build.0 = Debug|Any CPU
		{D7666E17-05D0-41D9-9440-8FF4BDD0D285}.Release|Any CPU.ActiveCfg = Release|Any CPU
		{D7666E17-05D0-41D9-9440-8FF4BDD0D285}.Release|Any CPU.Build.0 = Release|Any CPU
		{63498A21-2365-402F-8735-7CA7EC21ECA5}.Debug|Any CPU.ActiveCfg = Debug|Any CPU
		{63498A21-2365-402F-8735-7CA7EC21ECA5}.Debug|Any CPU.Build.0 = Debug|Any CPU
		{63498A21-2365-402F-8735-7CA7EC21ECA5}.Release|Any CPU.ActiveCfg = Release|Any CPU
		{63498A21-2365-402F-8735-7CA7EC21ECA5}.Release|Any CPU.Build.0 = Release|Any CPU
		{A5E8E6E4-CF53-4FBF-B1D2-A1B2ABAA2B7D}.Debug|Any CPU.ActiveCfg = Debug|Any CPU
		{A5E8E6E4-CF53-4FBF-B1D2-A1B2ABAA2B7D}.Debug|Any CPU.Build.0 = Debug|Any CPU
		{A5E8E6E4-CF53-4FBF-B1D2-A1B2ABAA2B7D}.Release|Any CPU.ActiveCfg = Release|Any CPU
		{A5E8E6E4-CF53-4FBF-B1D2-A1B2ABAA2B7D}.Release|Any CPU.Build.0 = Release|Any CPU
		{9AD7BCA3-F3F9-4553-AC28-143EA160BEA3}.Debug|Any CPU.ActiveCfg = Debug|Any CPU
		{9AD7BCA3-F3F9-4553-AC28-143EA160BEA3}.Debug|Any CPU.Build.0 = Debug|Any CPU
		{9AD7BCA3-F3F9-4553-AC28-143EA160BEA3}.Release|Any CPU.ActiveCfg = Release|Any CPU
		{9AD7BCA3-F3F9-4553-AC28-143EA160BEA3}.Release|Any CPU.Build.0 = Release|Any CPU
	EndGlobalSection
	GlobalSection(SolutionProperties) = preSolution
		HideSolutionNode = FALSE
	EndGlobalSection
EndGlobal
